<?xml version="1.0" encoding="UTF-8" standalone="yes" ?>
<CodeBlocks_project_file>
	<FileVersion major="1" minor="6" />
	<Project>
		<Option title="RTS_3" />
		<Option execution_dir="D:/Programs/GitHub/RTS_3/RTS_3/" />
		<Option pch_mode="2" />
		<Option compiler="gcc" />
		<Build>
			<Target title="Debug">
				<Option output="bin/Debug/RTS_3" prefix_auto="1" extension_auto="1" />
				<Option object_output="obj/Debug/" />
				<Option type="1" />
				<Option compiler="gcc" />
				<Compiler>
					<Add option="-std=c++11" />
					<Add option="-g" />
				</Compiler>
			</Target>
			<Target title="Release">
				<Option output="bin/Release/RTS_3" prefix_auto="1" extension_auto="1" />
				<Option object_output="obj/Release/" />
				<Option type="1" />
				<Option compiler="gcc" />
				<Compiler>
					<Add option="-O2" />
				</Compiler>
				<Linker>
					<Add option="-s" />
				</Linker>
			</Target>
		</Build>
		<Compiler>
			<Add option="-Wall" />
			<Add directory="D:/Programs/WindowsPrograming/SDL_setup/SDL2-2.0.5/i686-w64-mingw32/include/SDL2" />
			<Add directory="D:/Programs/GitHub/RTS_3/" />
			<Add directory="D:/Programs/GitHub/RTS_3/src" />
			<Add directory="D:/Programs/GitHub/RTS_3/src/graphics" />
			<Add directory="D:/Programs/GitHub/RTS_3/src/entity" />
			<Add directory="D:/Programs/GitHub/RTS_3/src/action" />
			<Add directory="D:/Programs/GitHub/RTS_3/include" />
			<Add directory="D:/Programs/WindowsPrograming/SDL_setup/SDL2_image-2.0.1/i686-w64-mingw32/include/SDL2" />
			<Add directory="D:/Programs/WindowsPrograming/SDL_setup/SDL2_ttf-2.0.14/i686-w64-mingw32/include/SDL2" />
		</Compiler>
		<Linker>
			<Add option="-lmingw32 -lSDL2main -lSDL2 -lSDL2_image -lSDL2_ttf" />
			<Add directory="D:/Programs/WindowsPrograming/SDL_setup/SDL2-2.0.5/i686-w64-mingw32/lib" />
			<Add directory="D:/Programs/GitHub/RTS_3/" />
			<Add directory="D:/Programs/WindowsPrograming/SDL_setup/SDL2_image-2.0.1/i686-w64-mingw32/lib" />
			<Add directory="D:/Programs/WindowsPrograming/SDL_setup/SDL2_ttf-2.0.14/i686-w64-mingw32/lib" />
		</Linker>
		<Unit filename="include/Action.h" />
		<Unit filename="include/ActionGroup.h" />
		<Unit filename="include/ArgContainer.h" />
		<Unit filename="include/Attack.h" />
		<Unit filename="include/Building.h" />
		<Unit filename="include/Button.h" />
		<Unit filename="include/DisplayPiece.h" />
		<Unit filename="include/Entity.h" />
		<Unit filename="include/EntityAction.h" />
		<Unit filename="include/EntityGroup.h" />
		<Unit filename="include/EntityHP.h" />
		<Unit filename="include/FunctionCaller.h" />
		<Unit filename="include/InfoAction.h" />
		<Unit filename="include/InfoMenu.h" />
		<Unit filename="include/Item.h" />
		<Unit filename="include/ItemGroup.h" />
		<Unit filename="include/Map.h" />
		<Unit filename="include/Menu.h" />
		<Unit filename="include/MenuGroup.h" />
		<Unit filename="include/Movement.h" />
		<Unit filename="include/PopMenu.h" />
		<Unit filename="include/Resource.h" />
		<Unit filename="include/Selectable.h" />
		<Unit filename="include/SelectionMenu.h" />
		<Unit filename="include/Sprite.h" />
		<Unit filename="include/SpriteGroup.h" />
		<Unit filename="include/SubMenu.h" />
		<Unit filename="include/TextBox.h" />
		<Unit filename="include/TextLine.h" />
		<Unit filename="include/TextMaker.h" />
		<Unit filename="include/Timer.h" />
		<Unit filename="include/Unit.h" />
		<Unit filename="include/global.h" />
		<Unit filename="include/logging.h" />
		<Unit filename="include/res_path.h" />
		<Unit filename="include/sdl_clean.h" />
		<Unit filename="include/texture.h" />
		<Unit filename="main.cpp" />
		<Unit filename="src/Item.cpp" />
		<Unit filename="src/ItemGroup.cpp" />
		<Unit filename="src/Map.cpp" />
		<Unit filename="src/Selectable.cpp" />
		<Unit filename="src/Timer.cpp" />
		<Unit filename="src/action/Action.cpp" />
		<Unit filename="src/action/ActionGroup.cpp" />
		<Unit filename="src/action/Attack.cpp" />
		<Unit filename="src/action/InfoAction.cpp" />
		<Unit filename="src/action/Movement.cpp" />
		<Unit filename="src/entity/Building.cpp" />
		<Unit filename="src/entity/Entity.cpp" />
		<Unit filename="src/entity/EntityAction.cpp" />
		<Unit filename="src/entity/EntityGroup.cpp" />
		<Unit filename="src/entity/EntityHP.cpp" />
		<Unit filename="src/entity/Resource.cpp" />
		<Unit filename="src/entity/Unit.cpp" />
		<Unit filename="src/graphics/Button.cpp" />
		<Unit filename="src/graphics/DisplayPiece.cpp" />
		<Unit filename="src/graphics/InfoMenu.cpp" />
		<Unit filename="src/graphics/Menu.cpp" />
		<Unit filename="src/graphics/MenuGroup.cpp" />
		<Unit filename="src/graphics/PopMenu.cpp" />
		<Unit filename="src/graphics/SelectionMenu.cpp" />
		<Unit filename="src/graphics/Sprite.cpp" />
		<Unit filename="src/graphics/SpriteGroup.cpp" />
		<Unit filename="src/graphics/SubMenu.cpp" />
		<Unit filename="src/graphics/TextBox.cpp" />
		<Unit filename="src/graphics/TextLine.cpp" />
		<Unit filename="src/graphics/TextMaker.cpp" />
		<Unit filename="src/graphics/texture.cpp" />
		<Unit filename="src/logging.cpp" />
		<Extensions>
			<code_completion />
			<envvars />
			<debugger />
		</Extensions>
	</Project>
</CodeBlocks_project_file>
